// !$*UTF8*$!
{
	archiveVersion = 1;
	classes = {
	};
	objectVersion = 46;
	objects = {

/* Begin PBXBuildFile section */
		3AA31FF618F3FB4C00112C3D /* AudioToolbox.framework in Frameworks */ = {isa = PBXBuildFile; fileRef = 3AA31FE918F3FB4C00112C3D /* AudioToolbox.framework */; };
		3AA31FF718F3FB4C00112C3D /* AVFoundation.framework in Frameworks */ = {isa = PBXBuildFile; fileRef = 3AA31FEA18F3FB4C00112C3D /* AVFoundation.framework */; };
		3AA31FF818F3FB4C00112C3D /* CFNetwork.framework in Frameworks */ = {isa = PBXBuildFile; fileRef = 3AA31FEB18F3FB4C00112C3D /* CFNetwork.framework */; };
		3AA31FF918F3FB4C00112C3D /* CoreAudio.framework in Frameworks */ = {isa = PBXBuildFile; fileRef = 3AA31FEC18F3FB4C00112C3D /* CoreAudio.framework */; };
		3AA31FFA18F3FB4C00112C3D /* CoreFoundation.framework in Frameworks */ = {isa = PBXBuildFile; fileRef = 3AA31FED18F3FB4C00112C3D /* CoreFoundation.framework */; };
		3AA31FFB18F3FB4C00112C3D /* CoreImage.framework in Frameworks */ = {isa = PBXBuildFile; fileRef = 3AA31FEE18F3FB4C00112C3D /* CoreImage.framework */; };
		3AA31FFC18F3FB4C00112C3D /* CoreMedia.framework in Frameworks */ = {isa = PBXBuildFile; fileRef = 3AA31FEF18F3FB4C00112C3D /* CoreMedia.framework */; };
		3AA31FFD18F3FB4C00112C3D /* CoreVideo.framework in Frameworks */ = {isa = PBXBuildFile; fileRef = 3AA31FF018F3FB4C00112C3D /* CoreVideo.framework */; };
		3AA31FFE18F3FB4C00112C3D /* OpenGLES.framework in Frameworks */ = {isa = PBXBuildFile; fileRef = 3AA31FF118F3FB4C00112C3D /* OpenGLES.framework */; };
		3AA31FFF18F3FB4C00112C3D /* QuartzCore.framework in Frameworks */ = {isa = PBXBuildFile; fileRef = 3AA31FF218F3FB4C00112C3D /* QuartzCore.framework */; };
		3AA3200018F3FB4C00112C3D /* Foundation.framework in Frameworks */ = {isa = PBXBuildFile; fileRef = 3AA31FF318F3FB4C00112C3D /* Foundation.framework */; };
		3AA3200118F3FB4C00112C3D /* CoreGraphics.framework in Frameworks */ = {isa = PBXBuildFile; fileRef = 3AA31FF418F3FB4C00112C3D /* CoreGraphics.framework */; };
		3AA3200218F3FB4C00112C3D /* UIKit.framework in Frameworks */ = {isa = PBXBuildFile; fileRef = 3AA31FF518F3FB4C00112C3D /* UIKit.framework */; };
		3ADCCD171715338D0007BE8E /* pjsua.png in Resources */ = {isa = PBXBuildFile; fileRef = 3ADCCD161715338D0007BE8E /* pjsua.png */; };
		3ADCCD2D172E40120007BE8E /* pjsua_app_cli.c in Sources */ = {isa = PBXBuildFile; fileRef = 3ADCCD28172E40120007BE8E /* pjsua_app_cli.c */; };
		3ADCCD2E172E40120007BE8E /* pjsua_app_common.c in Sources */ = {isa = PBXBuildFile; fileRef = 3ADCCD29172E40120007BE8E /* pjsua_app_common.c */; };
		3ADCCD2F172E40120007BE8E /* pjsua_app_config.c in Sources */ = {isa = PBXBuildFile; fileRef = 3ADCCD2A172E40120007BE8E /* pjsua_app_config.c */; };
		3ADCCD30172E40120007BE8E /* pjsua_app_legacy.c in Sources */ = {isa = PBXBuildFile; fileRef = 3ADCCD2B172E40120007BE8E /* pjsua_app_legacy.c */; };
		3ADCCD31172E40120007BE8E /* pjsua_app.c in Sources */ = {isa = PBXBuildFile; fileRef = 3ADCCD2C172E40120007BE8E /* pjsua_app.c */; };
		3AF0581316F050780046B835 /* InfoPlist.strings in Resources */ = {isa = PBXBuildFile; fileRef = 3AF0581116F050780046B835 /* InfoPlist.strings */; };
		3AF0581516F050780046B835 /* main.m in Sources */ = {isa = PBXBuildFile; fileRef = 3AF0581416F050780046B835 /* main.m */; };
		3AF0581916F050780046B835 /* ipjsuaAppDelegate.m in Sources */ = {isa = PBXBuildFile; fileRef = 3AF0581816F050780046B835 /* ipjsuaAppDelegate.m */; };
		3AF0581B16F050780046B835 /* Default.png in Resources */ = {isa = PBXBuildFile; fileRef = 3AF0581A16F050780046B835 /* Default.png */; };
		3AF0581D16F050780046B835 /* Default@2x.png in Resources */ = {isa = PBXBuildFile; fileRef = 3AF0581C16F050780046B835 /* Default@2x.png */; };
		3AF0581F16F050780046B835 /* Default-568h@2x.png in Resources */ = {isa = PBXBuildFile; fileRef = 3AF0581E16F050780046B835 /* Default-568h@2x.png */; };
		3AF0582216F050780046B835 /* ipjsuaViewController.m in Sources */ = {isa = PBXBuildFile; fileRef = 3AF0582116F050780046B835 /* ipjsuaViewController.m */; };
		3AF0582516F050780046B835 /* ipjsuaViewController_iPhone.xib in Resources */ = {isa = PBXBuildFile; fileRef = 3AF0582316F050780046B835 /* ipjsuaViewController_iPhone.xib */; };
		3AF0582816F050780046B835 /* ipjsuaViewController_iPad.xib in Resources */ = {isa = PBXBuildFile; fileRef = 3AF0582616F050780046B835 /* ipjsuaViewController_iPad.xib */; };
		3AFFF4DA19BD59AB0067F226 /* libstdc++.dylib in Frameworks */ = {isa = PBXBuildFile; fileRef = 3AFFF4D919BD59AB0067F226 /* libstdc++.dylib */; };
		E5E991E61B67A45500017E67 /* libg7221codec.a in Frameworks */ = {isa = PBXBuildFile; fileRef = E5E991D41B67A45500017E67 /* libg7221codec.a */; };
		E5E991E71B67A45500017E67 /* libgsmcodec.a in Frameworks */ = {isa = PBXBuildFile; fileRef = E5E991D51B67A45500017E67 /* libgsmcodec.a */; };
		E5E991E81B67A45500017E67 /* libilbccodec.a in Frameworks */ = {isa = PBXBuildFile; fileRef = E5E991D61B67A45500017E67 /* libilbccodec.a */; };
		E5E991E91B67A45500017E67 /* libpj.a in Frameworks */ = {isa = PBXBuildFile; fileRef = E5E991D71B67A45500017E67 /* libpj.a */; };
		E5E991EA1B67A45500017E67 /* libpjlib-util.a in Frameworks */ = {isa = PBXBuildFile; fileRef = E5E991D81B67A45500017E67 /* libpjlib-util.a */; };
		E5E991EB1B67A45500017E67 /* libpjmedia-audiodev.a in Frameworks */ = {isa = PBXBuildFile; fileRef = E5E991D91B67A45500017E67 /* libpjmedia-audiodev.a */; };
		E5E991EC1B67A45500017E67 /* libpjmedia-codec.a in Frameworks */ = {isa = PBXBuildFile; fileRef = E5E991DA1B67A45500017E67 /* libpjmedia-codec.a */; };
		E5E991ED1B67A45500017E67 /* libpjmedia-videodev.a in Frameworks */ = {isa = PBXBuildFile; fileRef = E5E991DB1B67A45500017E67 /* libpjmedia-videodev.a */; };
		E5E991EE1B67A45500017E67 /* libpjmedia.a in Frameworks */ = {isa = PBXBuildFile; fileRef = E5E991DC1B67A45500017E67 /* libpjmedia.a */; };
		E5E991EF1B67A45500017E67 /* libpjnath.a in Frameworks */ = {isa = PBXBuildFile; fileRef = E5E991DD1B67A45500017E67 /* libpjnath.a */; };
		E5E991F01B67A45500017E67 /* libpjsip-simple.a in Frameworks */ = {isa = PBXBuildFile; fileRef = E5E991DE1B67A45500017E67 /* libpjsip-simple.a */; };
		E5E991F11B67A45500017E67 /* libpjsip-ua.a in Frameworks */ = {isa = PBXBuildFile; fileRef = E5E991DF1B67A45500017E67 /* libpjsip-ua.a */; };
		E5E991F21B67A45500017E67 /* libpjsip.a in Frameworks */ = {isa = PBXBuildFile; fileRef = E5E991E01B67A45500017E67 /* libpjsip.a */; };
		E5E991F31B67A45500017E67 /* libpjsua.a in Frameworks */ = {isa = PBXBuildFile; fileRef = E5E991E11B67A45500017E67 /* libpjsua.a */; };
		E5E991F41B67A45500017E67 /* libpjsua2.a in Frameworks */ = {isa = PBXBuildFile; fileRef = E5E991E21B67A45500017E67 /* libpjsua2.a */; };
		E5E991F51B67A45500017E67 /* libresample.a in Frameworks */ = {isa = PBXBuildFile; fileRef = E5E991E31B67A45500017E67 /* libresample.a */; };
		E5E991F61B67A45500017E67 /* libspeex.a in Frameworks */ = {isa = PBXBuildFile; fileRef = E5E991E41B67A45500017E67 /* libspeex.a */; };
		E5E991F71B67A45500017E67 /* libsrtp.a in Frameworks */ = {isa = PBXBuildFile; fileRef = E5E991E51B67A45500017E67 /* libsrtp.a */; };
/* End PBXBuildFile section */

/* Begin PBXFileReference section */
		3AA31FE918F3FB4C00112C3D /* AudioToolbox.framework */ = {isa = PBXFileReference; lastKnownFileType = wrapper.framework; name = AudioToolbox.framework; path = System/Library/Frameworks/AudioToolbox.framework; sourceTree = SDKROOT; };
		3AA31FEA18F3FB4C00112C3D /* AVFoundation.framework */ = {isa = PBXFileReference; lastKnownFileType = wrapper.framework; name = AVFoundation.framework; path = System/Library/Frameworks/AVFoundation.framework; sourceTree = SDKROOT; };
		3AA31FEB18F3FB4C00112C3D /* CFNetwork.framework */ = {isa = PBXFileReference; lastKnownFileType = wrapper.framework; name = CFNetwork.framework; path = System/Library/Frameworks/CFNetwork.framework; sourceTree = SDKROOT; };
		3AA31FEC18F3FB4C00112C3D /* CoreAudio.framework */ = {isa = PBXFileReference; lastKnownFileType = wrapper.framework; name = CoreAudio.framework; path = System/Library/Frameworks/CoreAudio.framework; sourceTree = SDKROOT; };
		3AA31FED18F3FB4C00112C3D /* CoreFoundation.framework */ = {isa = PBXFileReference; lastKnownFileType = wrapper.framework; name = CoreFoundation.framework; path = System/Library/Frameworks/CoreFoundation.framework; sourceTree = SDKROOT; };
		3AA31FEE18F3FB4C00112C3D /* CoreImage.framework */ = {isa = PBXFileReference; lastKnownFileType = wrapper.framework; name = CoreImage.framework; path = System/Library/Frameworks/CoreImage.framework; sourceTree = SDKROOT; };
		3AA31FEF18F3FB4C00112C3D /* CoreMedia.framework */ = {isa = PBXFileReference; lastKnownFileType = wrapper.framework; name = CoreMedia.framework; path = System/Library/Frameworks/CoreMedia.framework; sourceTree = SDKROOT; };
		3AA31FF018F3FB4C00112C3D /* CoreVideo.framework */ = {isa = PBXFileReference; lastKnownFileType = wrapper.framework; name = CoreVideo.framework; path = System/Library/Frameworks/CoreVideo.framework; sourceTree = SDKROOT; };
		3AA31FF118F3FB4C00112C3D /* OpenGLES.framework */ = {isa = PBXFileReference; lastKnownFileType = wrapper.framework; name = OpenGLES.framework; path = System/Library/Frameworks/OpenGLES.framework; sourceTree = SDKROOT; };
		3AA31FF218F3FB4C00112C3D /* QuartzCore.framework */ = {isa = PBXFileReference; lastKnownFileType = wrapper.framework; name = QuartzCore.framework; path = System/Library/Frameworks/QuartzCore.framework; sourceTree = SDKROOT; };
		3AA31FF318F3FB4C00112C3D /* Foundation.framework */ = {isa = PBXFileReference; lastKnownFileType = wrapper.framework; name = Foundation.framework; path = System/Library/Frameworks/Foundation.framework; sourceTree = SDKROOT; };
		3AA31FF418F3FB4C00112C3D /* CoreGraphics.framework */ = {isa = PBXFileReference; lastKnownFileType = wrapper.framework; name = CoreGraphics.framework; path = System/Library/Frameworks/CoreGraphics.framework; sourceTree = SDKROOT; };
		3AA31FF518F3FB4C00112C3D /* UIKit.framework */ = {isa = PBXFileReference; lastKnownFileType = wrapper.framework; name = UIKit.framework; path = System/Library/Frameworks/UIKit.framework; sourceTree = SDKROOT; };
		3ADCCD161715338D0007BE8E /* pjsua.png */ = {isa = PBXFileReference; lastKnownFileType = image.png; path = pjsua.png; sourceTree = "<group>"; };
		3ADCCD28172E40120007BE8E /* pjsua_app_cli.c */ = {isa = PBXFileReference; fileEncoding = 4; lastKnownFileType = sourcecode.c.c; name = pjsua_app_cli.c; path = ../../pjsua_app_cli.c; sourceTree = "<group>"; };
		3ADCCD29172E40120007BE8E /* pjsua_app_common.c */ = {isa = PBXFileReference; fileEncoding = 4; lastKnownFileType = sourcecode.c.c; name = pjsua_app_common.c; path = ../../pjsua_app_common.c; sourceTree = "<group>"; };
		3ADCCD2A172E40120007BE8E /* pjsua_app_config.c */ = {isa = PBXFileReference; fileEncoding = 4; lastKnownFileType = sourcecode.c.c; name = pjsua_app_config.c; path = ../../pjsua_app_config.c; sourceTree = "<group>"; };
		3ADCCD2B172E40120007BE8E /* pjsua_app_legacy.c */ = {isa = PBXFileReference; fileEncoding = 4; lastKnownFileType = sourcecode.c.c; name = pjsua_app_legacy.c; path = ../../pjsua_app_legacy.c; sourceTree = "<group>"; };
		3ADCCD2C172E40120007BE8E /* pjsua_app.c */ = {isa = PBXFileReference; fileEncoding = 4; lastKnownFileType = sourcecode.c.c; name = pjsua_app.c; path = ../../pjsua_app.c; sourceTree = "<group>"; };
		3AF0580416F050770046B835 /* ipjsua.app */ = {isa = PBXFileReference; explicitFileType = wrapper.application; includeInIndex = 0; path = ipjsua.app; sourceTree = BUILT_PRODUCTS_DIR; };
		3AF0581016F050780046B835 /* ipjsua-Info.plist */ = {isa = PBXFileReference; lastKnownFileType = text.plist.xml; path = "ipjsua-Info.plist"; sourceTree = "<group>"; };
		3AF0581216F050780046B835 /* en */ = {isa = PBXFileReference; lastKnownFileType = text.plist.strings; name = en; path = en.lproj/InfoPlist.strings; sourceTree = "<group>"; };
		3AF0581416F050780046B835 /* main.m */ = {isa = PBXFileReference; lastKnownFileType = sourcecode.c.objc; path = main.m; sourceTree = "<group>"; };
		3AF0581616F050780046B835 /* ipjsua-Prefix.pch */ = {isa = PBXFileReference; lastKnownFileType = sourcecode.c.h; path = "ipjsua-Prefix.pch"; sourceTree = "<group>"; };
		3AF0581716F050780046B835 /* ipjsuaAppDelegate.h */ = {isa = PBXFileReference; lastKnownFileType = sourcecode.c.h; path = ipjsuaAppDelegate.h; sourceTree = "<group>"; };
		3AF0581816F050780046B835 /* ipjsuaAppDelegate.m */ = {isa = PBXFileReference; lastKnownFileType = sourcecode.c.objc; path = ipjsuaAppDelegate.m; sourceTree = "<group>"; };
		3AF0581A16F050780046B835 /* Default.png */ = {isa = PBXFileReference; lastKnownFileType = image.png; path = Default.png; sourceTree = "<group>"; };
		3AF0581C16F050780046B835 /* Default@2x.png */ = {isa = PBXFileReference; lastKnownFileType = image.png; path = "Default@2x.png"; sourceTree = "<group>"; };
		3AF0581E16F050780046B835 /* Default-568h@2x.png */ = {isa = PBXFileReference; lastKnownFileType = image.png; path = "Default-568h@2x.png"; sourceTree = "<group>"; };
		3AF0582016F050780046B835 /* ipjsuaViewController.h */ = {isa = PBXFileReference; lastKnownFileType = sourcecode.c.h; path = ipjsuaViewController.h; sourceTree = "<group>"; };
		3AF0582116F050780046B835 /* ipjsuaViewController.m */ = {isa = PBXFileReference; lastKnownFileType = sourcecode.c.objc; path = ipjsuaViewController.m; sourceTree = "<group>"; };
		3AF0582416F050780046B835 /* en */ = {isa = PBXFileReference; lastKnownFileType = file.xib; name = en; path = en.lproj/ipjsuaViewController_iPhone.xib; sourceTree = "<group>"; };
		3AF0582716F050780046B835 /* en */ = {isa = PBXFileReference; lastKnownFileType = file.xib; name = en; path = en.lproj/ipjsuaViewController_iPad.xib; sourceTree = "<group>"; };
		3AFFF4D919BD59AB0067F226 /* libstdc++.dylib */ = {isa = PBXFileReference; lastKnownFileType = "compiled.mach-o.dylib"; name = "libstdc++.dylib"; path = "usr/lib/libstdc++.dylib"; sourceTree = SDKROOT; };
		E5E991D41B67A45500017E67 /* libg7221codec.a */ = {isa = PBXFileReference; lastKnownFileType = archive.ar; path = libg7221codec.a; sourceTree = "<group>"; };
		E5E991D51B67A45500017E67 /* libgsmcodec.a */ = {isa = PBXFileReference; lastKnownFileType = archive.ar; path = libgsmcodec.a; sourceTree = "<group>"; };
		E5E991D61B67A45500017E67 /* libilbccodec.a */ = {isa = PBXFileReference; lastKnownFileType = archive.ar; path = libilbccodec.a; sourceTree = "<group>"; };
		E5E991D71B67A45500017E67 /* libpj.a */ = {isa = PBXFileReference; lastKnownFileType = archive.ar; path = libpj.a; sourceTree = "<group>"; };
		E5E991D81B67A45500017E67 /* libpjlib-util.a */ = {isa = PBXFileReference; lastKnownFileType = archive.ar; path = "libpjlib-util.a"; sourceTree = "<group>"; };
		E5E991D91B67A45500017E67 /* libpjmedia-audiodev.a */ = {isa = PBXFileReference; lastKnownFileType = archive.ar; path = "libpjmedia-audiodev.a"; sourceTree = "<group>"; };
		E5E991DA1B67A45500017E67 /* libpjmedia-codec.a */ = {isa = PBXFileReference; lastKnownFileType = archive.ar; path = "libpjmedia-codec.a"; sourceTree = "<group>"; };
		E5E991DB1B67A45500017E67 /* libpjmedia-videodev.a */ = {isa = PBXFileReference; lastKnownFileType = archive.ar; path = "libpjmedia-videodev.a"; sourceTree = "<group>"; };
		E5E991DC1B67A45500017E67 /* libpjmedia.a */ = {isa = PBXFileReference; lastKnownFileType = archive.ar; path = libpjmedia.a; sourceTree = "<group>"; };
		E5E991DD1B67A45500017E67 /* libpjnath.a */ = {isa = PBXFileReference; lastKnownFileType = archive.ar; path = libpjnath.a; sourceTree = "<group>"; };
		E5E991DE1B67A45500017E67 /* libpjsip-simple.a */ = {isa = PBXFileReference; lastKnownFileType = archive.ar; path = "libpjsip-simple.a"; sourceTree = "<group>"; };
		E5E991DF1B67A45500017E67 /* libpjsip-ua.a */ = {isa = PBXFileReference; lastKnownFileType = archive.ar; path = "libpjsip-ua.a"; sourceTree = "<group>"; };
		E5E991E01B67A45500017E67 /* libpjsip.a */ = {isa = PBXFileReference; lastKnownFileType = archive.ar; path = libpjsip.a; sourceTree = "<group>"; };
		E5E991E11B67A45500017E67 /* libpjsua.a */ = {isa = PBXFileReference; lastKnownFileType = archive.ar; path = libpjsua.a; sourceTree = "<group>"; };
		E5E991E21B67A45500017E67 /* libpjsua2.a */ = {isa = PBXFileReference; lastKnownFileType = archive.ar; path = libpjsua2.a; sourceTree = "<group>"; };
		E5E991E31B67A45500017E67 /* libresample.a */ = {isa = PBXFileReference; lastKnownFileType = archive.ar; path = libresample.a; sourceTree = "<group>"; };
		E5E991E41B67A45500017E67 /* libspeex.a */ = {isa = PBXFileReference; lastKnownFileType = archive.ar; path = libspeex.a; sourceTree = "<group>"; };
		E5E991E51B67A45500017E67 /* libsrtp.a */ = {isa = PBXFileReference; lastKnownFileType = archive.ar; path = libsrtp.a; sourceTree = "<group>"; };
/* End PBXFileReference section */

/* Begin PBXFrameworksBuildPhase section */
		3AF0580116F050770046B835 /* Frameworks */ = {
			isa = PBXFrameworksBuildPhase;
			buildActionMask = 2147483647;
			files = (
				E5E991EC1B67A45500017E67 /* libpjmedia-codec.a in Frameworks */,
				3AFFF4DA19BD59AB0067F226 /* libstdc++.dylib in Frameworks */,
				3AA31FF818F3FB4C00112C3D /* CFNetwork.framework in Frameworks */,
				E5E991E61B67A45500017E67 /* libg7221codec.a in Frameworks */,
				E5E991EB1B67A45500017E67 /* libpjmedia-audiodev.a in Frameworks */,
				3AA31FFB18F3FB4C00112C3D /* CoreImage.framework in Frameworks */,
				E5E991F41B67A45500017E67 /* libpjsua2.a in Frameworks */,
				3AA31FF618F3FB4C00112C3D /* AudioToolbox.framework in Frameworks */,
				3AA31FF718F3FB4C00112C3D /* AVFoundation.framework in Frameworks */,
				3AA31FFE18F3FB4C00112C3D /* OpenGLES.framework in Frameworks */,
				3AA3200018F3FB4C00112C3D /* Foundation.framework in Frameworks */,
				E5E991E71B67A45500017E67 /* libgsmcodec.a in Frameworks */,
				E5E991F31B67A45500017E67 /* libpjsua.a in Frameworks */,
				E5E991EE1B67A45500017E67 /* libpjmedia.a in Frameworks */,
				E5E991EA1B67A45500017E67 /* libpjlib-util.a in Frameworks */,
				E5E991ED1B67A45500017E67 /* libpjmedia-videodev.a in Frameworks */,
				E5E991E81B67A45500017E67 /* libilbccodec.a in Frameworks */,
				3AA3200118F3FB4C00112C3D /* CoreGraphics.framework in Frameworks */,
				3AA31FF918F3FB4C00112C3D /* CoreAudio.framework in Frameworks */,
				3AA31FFD18F3FB4C00112C3D /* CoreVideo.framework in Frameworks */,
				3AA3200218F3FB4C00112C3D /* UIKit.framework in Frameworks */,
				3AA31FFA18F3FB4C00112C3D /* CoreFoundation.framework in Frameworks */,
				E5E991F01B67A45500017E67 /* libpjsip-simple.a in Frameworks */,
				E5E991E91B67A45500017E67 /* libpj.a in Frameworks */,
				E5E991F71B67A45500017E67 /* libsrtp.a in Frameworks */,
				3AA31FFC18F3FB4C00112C3D /* CoreMedia.framework in Frameworks */,
				E5E991F21B67A45500017E67 /* libpjsip.a in Frameworks */,
				E5E991F51B67A45500017E67 /* libresample.a in Frameworks */,
				E5E991F61B67A45500017E67 /* libspeex.a in Frameworks */,
				E5E991EF1B67A45500017E67 /* libpjnath.a in Frameworks */,
				E5E991F11B67A45500017E67 /* libpjsip-ua.a in Frameworks */,
				3AA31FFF18F3FB4C00112C3D /* QuartzCore.framework in Frameworks */,
			);
			runOnlyForDeploymentPostprocessing = 0;
		};
/* End PBXFrameworksBuildPhase section */

/* Begin PBXGroup section */
		3A92068D16F1D1A100D49F96 /* pjsua */ = {
			isa = PBXGroup;
			children = (
				3ADCCD28172E40120007BE8E /* pjsua_app_cli.c */,
				3ADCCD29172E40120007BE8E /* pjsua_app_common.c */,
				3ADCCD2A172E40120007BE8E /* pjsua_app_config.c */,
				3ADCCD2B172E40120007BE8E /* pjsua_app_legacy.c */,
				3ADCCD2C172E40120007BE8E /* pjsua_app.c */,
			);
			name = pjsua;
			sourceTree = "<group>";
		};
		3AF057F916F050770046B835 = {
			isa = PBXGroup;
			children = (
				3AF0580E16F050770046B835 /* ipjsua */,
				3AF0580716F050770046B835 /* Frameworks */,
				3AF0580516F050770046B835 /* Products */,
				3AF0583516F056CC0046B835 /* Libraries */,
			);
			sourceTree = "<group>";
		};
		3AF0580516F050770046B835 /* Products */ = {
			isa = PBXGroup;
			children = (
				3AF0580416F050770046B835 /* ipjsua.app */,
			);
			name = Products;
			sourceTree = "<group>";
		};
		3AF0580716F050770046B835 /* Frameworks */ = {
			isa = PBXGroup;
			children = (
				3AA31FE918F3FB4C00112C3D /* AudioToolbox.framework */,
				3AA31FEA18F3FB4C00112C3D /* AVFoundation.framework */,
				3AA31FEB18F3FB4C00112C3D /* CFNetwork.framework */,
				3AA31FEC18F3FB4C00112C3D /* CoreAudio.framework */,
				3AA31FED18F3FB4C00112C3D /* CoreFoundation.framework */,
				3AA31FEE18F3FB4C00112C3D /* CoreImage.framework */,
				3AA31FEF18F3FB4C00112C3D /* CoreMedia.framework */,
				3AA31FF018F3FB4C00112C3D /* CoreVideo.framework */,
				3AA31FF118F3FB4C00112C3D /* OpenGLES.framework */,
				3AA31FF218F3FB4C00112C3D /* QuartzCore.framework */,
				3AA31FF318F3FB4C00112C3D /* Foundation.framework */,
				3AA31FF418F3FB4C00112C3D /* CoreGraphics.framework */,
				3AA31FF518F3FB4C00112C3D /* UIKit.framework */,
			);
			name = Frameworks;
			sourceTree = "<group>";
		};
		3AF0580E16F050770046B835 /* ipjsua */ = {
			isa = PBXGroup;
			children = (
				3A92068D16F1D1A100D49F96 /* pjsua */,
				3AF0581716F050780046B835 /* ipjsuaAppDelegate.h */,
				3AF0581816F050780046B835 /* ipjsuaAppDelegate.m */,
				3AF0582016F050780046B835 /* ipjsuaViewController.h */,
				3AF0582116F050780046B835 /* ipjsuaViewController.m */,
				3AF0582316F050780046B835 /* ipjsuaViewController_iPhone.xib */,
				3AF0582616F050780046B835 /* ipjsuaViewController_iPad.xib */,
				3AF0580F16F050780046B835 /* Supporting Files */,
			);
			path = ipjsua;
			sourceTree = "<group>";
		};
		3AF0580F16F050780046B835 /* Supporting Files */ = {
			isa = PBXGroup;
			children = (
				3AF0581016F050780046B835 /* ipjsua-Info.plist */,
				3AF0581116F050780046B835 /* InfoPlist.strings */,
				3AF0581416F050780046B835 /* main.m */,
				3AF0581616F050780046B835 /* ipjsua-Prefix.pch */,
				3ADCCD161715338D0007BE8E /* pjsua.png */,
				3AF0581A16F050780046B835 /* Default.png */,
				3AF0581C16F050780046B835 /* Default@2x.png */,
				3AF0581E16F050780046B835 /* Default-568h@2x.png */,
			);
			name = "Supporting Files";
			sourceTree = "<group>";
		};
		3AF0583516F056CC0046B835 /* Libraries */ = {
			isa = PBXGroup;
			children = (
				3AFFF4D919BD59AB0067F226 /* libstdc++.dylib */,
				E5E991D41B67A45500017E67 /* libg7221codec.a */,
				E5E991D51B67A45500017E67 /* libgsmcodec.a */,
				E5E991D61B67A45500017E67 /* libilbccodec.a */,
				E5E991D71B67A45500017E67 /* libpj.a */,
				E5E991D81B67A45500017E67 /* libpjlib-util.a */,
				E5E991D91B67A45500017E67 /* libpjmedia-audiodev.a */,
				E5E991DA1B67A45500017E67 /* libpjmedia-codec.a */,
				E5E991DB1B67A45500017E67 /* libpjmedia-videodev.a */,
				E5E991DC1B67A45500017E67 /* libpjmedia.a */,
				E5E991DD1B67A45500017E67 /* libpjnath.a */,
				E5E991DE1B67A45500017E67 /* libpjsip-simple.a */,
				E5E991DF1B67A45500017E67 /* libpjsip-ua.a */,
				E5E991E01B67A45500017E67 /* libpjsip.a */,
				E5E991E11B67A45500017E67 /* libpjsua.a */,
				E5E991E21B67A45500017E67 /* libpjsua2.a */,
				E5E991E31B67A45500017E67 /* libresample.a */,
				E5E991E41B67A45500017E67 /* libspeex.a */,
				E5E991E51B67A45500017E67 /* libsrtp.a */,
			);
			name = Libraries;
			sourceTree = "<group>";
		};
/* End PBXGroup section */

/* Begin PBXNativeTarget section */
		3AF0580316F050770046B835 /* ipjsua */ = {
			isa = PBXNativeTarget;
			buildConfigurationList = 3AF0582B16F050780046B835 /* Build configuration list for PBXNativeTarget "ipjsua" */;
			buildPhases = (
				3AF0580016F050770046B835 /* Sources */,
				3AF0580116F050770046B835 /* Frameworks */,
				3AF0580216F050770046B835 /* Resources */,
			);
			buildRules = (
			);
			dependencies = (
			);
			name = ipjsua;
			productName = ipjsua;
			productReference = 3AF0580416F050770046B835 /* ipjsua.app */;
			productType = "com.apple.product-type.application";
		};
/* End PBXNativeTarget section */

/* Begin PBXProject section */
		3AF057FB16F050770046B835 /* Project object */ = {
			isa = PBXProject;
			attributes = {
				CLASSPREFIX = ipjsua;
				LastUpgradeCheck = 0450;
				ORGANIZATIONNAME = Teluu;
				TargetAttributes = {
					3AF0580316F050770046B835 = {
						DevelopmentTeam = 93NHJQ455P;
					};
				};
			};
			buildConfigurationList = 3AF057FE16F050770046B835 /* Build configuration list for PBXProject "ipjsua" */;
			compatibilityVersion = "Xcode 3.2";
			developmentRegion = English;
			hasScannedForEncodings = 0;
			knownRegions = (
				en,
			);
			mainGroup = 3AF057F916F050770046B835;
			productRefGroup = 3AF0580516F050770046B835 /* Products */;
			projectDirPath = "";
			projectRoot = "";
			targets = (
				3AF0580316F050770046B835 /* ipjsua */,
			);
		};
/* End PBXProject section */

/* Begin PBXResourcesBuildPhase section */
		3AF0580216F050770046B835 /* Resources */ = {
			isa = PBXResourcesBuildPhase;
			buildActionMask = 2147483647;
			files = (
				3AF0581316F050780046B835 /* InfoPlist.strings in Resources */,
				3AF0581B16F050780046B835 /* Default.png in Resources */,
				3AF0581D16F050780046B835 /* Default@2x.png in Resources */,
				3AF0581F16F050780046B835 /* Default-568h@2x.png in Resources */,
				3AF0582516F050780046B835 /* ipjsuaViewController_iPhone.xib in Resources */,
				3AF0582816F050780046B835 /* ipjsuaViewController_iPad.xib in Resources */,
				3ADCCD171715338D0007BE8E /* pjsua.png in Resources */,
			);
			runOnlyForDeploymentPostprocessing = 0;
		};
/* End PBXResourcesBuildPhase section */

/* Begin PBXSourcesBuildPhase section */
		3AF0580016F050770046B835 /* Sources */ = {
			isa = PBXSourcesBuildPhase;
			buildActionMask = 2147483647;
			files = (
				3AF0581516F050780046B835 /* main.m in Sources */,
				3AF0581916F050780046B835 /* ipjsuaAppDelegate.m in Sources */,
				3AF0582216F050780046B835 /* ipjsuaViewController.m in Sources */,
				3ADCCD2D172E40120007BE8E /* pjsua_app_cli.c in Sources */,
				3ADCCD2E172E40120007BE8E /* pjsua_app_common.c in Sources */,
				3ADCCD2F172E40120007BE8E /* pjsua_app_config.c in Sources */,
				3ADCCD30172E40120007BE8E /* pjsua_app_legacy.c in Sources */,
				3ADCCD31172E40120007BE8E /* pjsua_app.c in Sources */,
			);
			runOnlyForDeploymentPostprocessing = 0;
		};
/* End PBXSourcesBuildPhase section */

/* Begin PBXVariantGroup section */
		3AF0581116F050780046B835 /* InfoPlist.strings */ = {
			isa = PBXVariantGroup;
			children = (
				3AF0581216F050780046B835 /* en */,
			);
			name = InfoPlist.strings;
			sourceTree = "<group>";
		};
		3AF0582316F050780046B835 /* ipjsuaViewController_iPhone.xib */ = {
			isa = PBXVariantGroup;
			children = (
				3AF0582416F050780046B835 /* en */,
			);
			name = ipjsuaViewController_iPhone.xib;
			sourceTree = "<group>";
		};
		3AF0582616F050780046B835 /* ipjsuaViewController_iPad.xib */ = {
			isa = PBXVariantGroup;
			children = (
				3AF0582716F050780046B835 /* en */,
			);
			name = ipjsuaViewController_iPad.xib;
			sourceTree = "<group>";
		};
/* End PBXVariantGroup section */

/* Begin XCBuildConfiguration section */
		3AF0582916F050780046B835 /* Debug */ = {
			isa = XCBuildConfiguration;
			buildSettings = {
				ALWAYS_SEARCH_USER_PATHS = NO;
				CLANG_CXX_LANGUAGE_STANDARD = "gnu++0x";
				CLANG_CXX_LIBRARY = "libc++";
				CLANG_ENABLE_OBJC_ARC = YES;
				CLANG_WARN_EMPTY_BODY = YES;
				CLANG_WARN__DUPLICATE_METHOD_MATCH = YES;
				"CODE_SIGN_IDENTITY[sdk=iphoneos*]" = "iPhone Developer";
				COPY_PHASE_STRIP = NO;
				GCC_C_LANGUAGE_STANDARD = gnu99;
				GCC_DYNAMIC_NO_PIC = NO;
				GCC_OPTIMIZATION_LEVEL = 0;
				GCC_PREPROCESSOR_DEFINITIONS = (
					"DEBUG=1",
					"$(inherited)",
				);
				GCC_SYMBOLS_PRIVATE_EXTERN = NO;
				GCC_WARN_ABOUT_RETURN_TYPE = YES;
				GCC_WARN_UNINITIALIZED_AUTOS = YES;
				GCC_WARN_UNUSED_VARIABLE = YES;
				IPHONEOS_DEPLOYMENT_TARGET = 6.0;
				SDKROOT = iphoneos;
				TARGETED_DEVICE_FAMILY = "1,2";
			};
			name = Debug;
		};
		3AF0582A16F050780046B835 /* Release */ = {
			isa = XCBuildConfiguration;
			buildSettings = {
				ALWAYS_SEARCH_USER_PATHS = NO;
				CLANG_CXX_LANGUAGE_STANDARD = "gnu++0x";
				CLANG_CXX_LIBRARY = "libc++";
				CLANG_ENABLE_OBJC_ARC = YES;
				CLANG_WARN_EMPTY_BODY = YES;
				CLANG_WARN__DUPLICATE_METHOD_MATCH = YES;
				"CODE_SIGN_IDENTITY[sdk=iphoneos*]" = "iPhone Developer";
				COPY_PHASE_STRIP = YES;
				GCC_C_LANGUAGE_STANDARD = gnu99;
				GCC_WARN_ABOUT_RETURN_TYPE = YES;
				GCC_WARN_UNINITIALIZED_AUTOS = YES;
				GCC_WARN_UNUSED_VARIABLE = YES;
				IPHONEOS_DEPLOYMENT_TARGET = 6.0;
				OTHER_CFLAGS = "-DNS_BLOCK_ASSERTIONS=1";
				SDKROOT = iphoneos;
				TARGETED_DEVICE_FAMILY = "1,2";
				VALIDATE_PRODUCT = YES;
			};
			name = Release;
		};
		3AF0582C16F050780046B835 /* Debug */ = {
			isa = XCBuildConfiguration;
			buildSettings = {
				CODE_SIGN_IDENTITY = "iPhone Developer";
				GCC_PRECOMPILE_PREFIX_HEADER = YES;
				GCC_PREFIX_HEADER = "ipjsua/ipjsua-Prefix.pch";
				GCC_PREPROCESSOR_DEFINITIONS = (
					"DEBUG=1",
					"PJ_AUTOCONF=1",
					USE_GUI,
				);
				HEADER_SEARCH_PATHS = (
					../../../../pjsip/include,
					../../../../pjlib/include,
					"../../../../pjlib-util/include",
					../../../../pjnath/include,
					../../../../pjmedia/include,
					..,
				);
				INFOPLIST_FILE = "ipjsua/ipjsua-Info.plist";
				LIBRARY_SEARCH_PATHS = (
					"$(inherited)",
					"$(SRCROOT)",
					"\"$(SRCROOT)/../../../../pjlib/lib\"",
					"\"$(SRCROOT)/../../../../pjlib-util/lib\"",
					"\"$(SRCROOT)/../../../../pjmedia/lib\"",
					"\"$(SRCROOT)/../../../../pjnath/lib\"",
					"\"$(SRCROOT)/../../../../pjsip/lib\"",
					"\"$(SRCROOT)/../../../../third_party/lib\"",
					"$(PROJECT_DIR)",
				);
				ONLY_ACTIVE_ARCH = YES;
				PRODUCT_NAME = "$(TARGET_NAME)";
				VALID_ARCHS = armv7;
				WRAPPER_EXTENSION = app;
			};
			name = Debug;
		};
		3AF0582D16F050780046B835 /* Release */ = {
			isa = XCBuildConfiguration;
			buildSettings = {
				CODE_SIGN_IDENTITY = "iPhone Developer";
				GCC_PRECOMPILE_PREFIX_HEADER = YES;
				GCC_PREFIX_HEADER = "ipjsua/ipjsua-Prefix.pch";
				GCC_PREPROCESSOR_DEFINITIONS = (
					"PJ_AUTOCONF=1",
					USE_GUI,
				);
				HEADER_SEARCH_PATHS = (
					../../../../pjsip/include,
					../../../../pjlib/include,
					"../../../../pjlib-util/include",
					../../../../pjnath/include,
					../../../../pjmedia/include,
					..,
				);
				INFOPLIST_FILE = "ipjsua/ipjsua-Info.plist";
				LIBRARY_SEARCH_PATHS = (
					"$(inherited)",
					"$(SRCROOT)",
					"\"$(SRCROOT)/../../../../pjlib/lib\"",
					"\"$(SRCROOT)/../../../../pjlib-util/lib\"",
					"\"$(SRCROOT)/../../../../pjmedia/lib\"",
					"\"$(SRCROOT)/../../../../pjnath/lib\"",
					"\"$(SRCROOT)/../../../../pjsip/lib\"",
					"\"$(SRCROOT)/../../../../third_party/lib\"",
					"$(PROJECT_DIR)",
				);
				ONLY_ACTIVE_ARCH = YES;
				PRODUCT_NAME = "$(TARGET_NAME)";
				VALID_ARCHS = armv7;
				WRAPPER_EXTENSION = app;
			};
			name = Release;
		};
/* End XCBuildConfiguration section */

/* Begin XCConfigurationList section */
		3AF057FE16F050770046B835 /* Build configuration list for PBXProject "ipjsua" */ = {
			isa = XCConfigurationList;
			buildConfigurations = (
				3AF0582916F050780046B835 /* Debug */,
				3AF0582A16F050780046B835 /* Release */,
			);
			defaultConfigurationIsVisible = 0;
			defaultConfigurationName = Release;
		};
		3AF0582B16F050780046B835 /* Build configuration list for PBXNativeTarget "ipjsua" */ = {
			isa = XCConfigurationList;
			buildConfigurations = (
				3AF0582C16F050780046B835 /* Debug */,
				3AF0582D16F050780046B835 /* Release */,
			);
			defaultConfigurationIsVisible = 0;
			defaultConfigurationName = Release;
		};
/* End XCConfigurationList section */
	};
	rootObject = 3AF057FB16F050770046B835 /* Project object */;
}
