
Microsoft Visual Studio Solution File, Format Version 12.00
# Visual Studio Version 16
VisualStudioVersion = 25.0.1704.4
MinimumVisualStudioVersion = 10.0.40219.1
Project("{FAE04EC0-301F-11D3-BF4B-00C04F79EFBC}") = "pjsua2xamarin.Android", "pjsua2xamarin.Android\pjsua2xamarin.Android.csproj", "{11354C73-32BC-4E57-8013-0CFC1C87FA76}"
EndProject
Project("{FAE04EC0-301F-11D3-BF4B-00C04F79EFBC}") = "pjsua2xamarin.iOS", "pjsua2xamarin.iOS\pjsua2xamarin.iOS.csproj", "{810FFBA4-AEDA-4519-B933-CFCF3C8BBA6C}"
EndProject
Project("{FAE04EC0-301F-11D3-BF4B-00C04F79EFBC}") = "pjsua2xamarin", "pjsua2xamarin\pjsua2xamarin.csproj", "{72602AE2-F090-4943-9FE4-83CD4BC91EA4}"
EndProject
Global
	GlobalSection(SolutionConfigurationPlatforms) = preSolution
		Debug|Any CPU = Debug|Any CPU
		Release|Any CPU = Release|Any CPU
		Debug|iPhoneSimulator = Debug|iPhoneSimulator
		Release|iPhoneSimulator = Release|iPhoneSimulator
		Debug|iPhone = Debug|iPhone
		Release|iPhone = Release|iPhone
	EndGlobalSection
	GlobalSection(ProjectConfigurationPlatforms) = postSolution
		{11354C73-32BC-4E57-8013-0CFC1C87FA76}.Debug|Any CPU.ActiveCfg = Debug|Any CPU
		{11354C73-32BC-4E57-8013-0CFC1C87FA76}.Debug|Any CPU.Build.0 = Debug|Any CPU
		{11354C73-32BC-4E57-8013-0CFC1C87FA76}.Release|Any CPU.ActiveCfg = Release|Any CPU
		{11354C73-32BC-4E57-8013-0CFC1C87FA76}.Release|Any CPU.Build.0 = Release|Any CPU
		{11354C73-32BC-4E57-8013-0CFC1C87FA76}.Debug|iPhoneSimulator.ActiveCfg = Debug|Any CPU
		{11354C73-32BC-4E57-8013-0CFC1C87FA76}.Debug|iPhoneSimulator.Build.0 = Debug|Any CPU
		{11354C73-32BC-4E57-8013-0CFC1C87FA76}.Release|iPhoneSimulator.ActiveCfg = Release|Any CPU
		{11354C73-32BC-4E57-8013-0CFC1C87FA76}.Release|iPhoneSimulator.Build.0 = Release|Any CPU
		{11354C73-32BC-4E57-8013-0CFC1C87FA76}.Debug|iPhone.ActiveCfg = Debug|Any CPU
		{11354C73-32BC-4E57-8013-0CFC1C87FA76}.Debug|iPhone.Build.0 = Debug|Any CPU
		{11354C73-32BC-4E57-8013-0CFC1C87FA76}.Release|iPhone.ActiveCfg = Release|Any CPU
		{11354C73-32BC-4E57-8013-0CFC1C87FA76}.Release|iPhone.Build.0 = Release|Any CPU
		{810FFBA4-AEDA-4519-B933-CFCF3C8BBA6C}.Debug|Any CPU.ActiveCfg = Debug|iPhoneSimulator
		{810FFBA4-AEDA-4519-B933-CFCF3C8BBA6C}.Debug|Any CPU.Build.0 = Debug|iPhoneSimulator
		{810FFBA4-AEDA-4519-B933-CFCF3C8BBA6C}.Release|Any CPU.ActiveCfg = Release|iPhoneSimulator
		{810FFBA4-AEDA-4519-B933-CFCF3C8BBA6C}.Release|Any CPU.Build.0 = Release|iPhoneSimulator
		{810FFBA4-AEDA-4519-B933-CFCF3C8BBA6C}.Debug|iPhoneSimulator.ActiveCfg = Debug|iPhoneSimulator
		{810FFBA4-AEDA-4519-B933-CFCF3C8BBA6C}.Debug|iPhoneSimulator.Build.0 = Debug|iPhoneSimulator
		{810FFBA4-AEDA-4519-B933-CFCF3C8BBA6C}.Release|iPhoneSimulator.ActiveCfg = Release|iPhoneSimulator
		{810FFBA4-AEDA-4519-B933-CFCF3C8BBA6C}.Release|iPhoneSimulator.Build.0 = Release|iPhoneSimulator
		{810FFBA4-AEDA-4519-B933-CFCF3C8BBA6C}.Debug|iPhone.ActiveCfg = Debug|iPhone
		{810FFBA4-AEDA-4519-B933-CFCF3C8BBA6C}.Debug|iPhone.Build.0 = Debug|iPhone
		{810FFBA4-AEDA-4519-B933-CFCF3C8BBA6C}.Release|iPhone.ActiveCfg = Release|iPhone
		{810FFBA4-AEDA-4519-B933-CFCF3C8BBA6C}.Release|iPhone.Build.0 = Release|iPhone
		{72602AE2-F090-4943-9FE4-83CD4BC91EA4}.Debug|Any CPU.ActiveCfg = Debug|Any CPU
		{72602AE2-F090-4943-9FE4-83CD4BC91EA4}.Debug|Any CPU.Build.0 = Debug|Any CPU
		{72602AE2-F090-4943-9FE4-83CD4BC91EA4}.Release|Any CPU.ActiveCfg = Release|Any CPU
		{72602AE2-F090-4943-9FE4-83CD4BC91EA4}.Release|Any CPU.Build.0 = Release|Any CPU
		{72602AE2-F090-4943-9FE4-83CD4BC91EA4}.Debug|iPhoneSimulator.ActiveCfg = Debug|Any CPU
		{72602AE2-F090-4943-9FE4-83CD4BC91EA4}.Debug|iPhoneSimulator.Build.0 = Debug|Any CPU
		{72602AE2-F090-4943-9FE4-83CD4BC91EA4}.Release|iPhoneSimulator.ActiveCfg = Release|Any CPU
		{72602AE2-F090-4943-9FE4-83CD4BC91EA4}.Release|iPhoneSimulator.Build.0 = Release|Any CPU
		{72602AE2-F090-4943-9FE4-83CD4BC91EA4}.Debug|iPhone.ActiveCfg = Debug|Any CPU
		{72602AE2-F090-4943-9FE4-83CD4BC91EA4}.Debug|iPhone.Build.0 = Debug|Any CPU
		{72602AE2-F090-4943-9FE4-83CD4BC91EA4}.Release|iPhone.ActiveCfg = Release|Any CPU
		{72602AE2-F090-4943-9FE4-83CD4BC91EA4}.Release|iPhone.Build.0 = Release|Any CPU
	EndGlobalSection
	GlobalSection(SolutionProperties) = preSolution
		HideSolutionNode = FALSE
	EndGlobalSection
	GlobalSection(ExtensibilityGlobals) = postSolution
		SolutionGuid = {EEAE99AC-505E-40D1-818A-E064826FC735}
	EndGlobalSection
EndGlobal
